
Microsoft Visual Studio Solution File, Format Version 12.00
# Visual Studio Version 17
VisualStudioVersion = 17.6.33815.320
MinimumVisualStudioVersion = 10.0.40219.1
Project("{FAE04EC0-301F-11D3-BF4B-00C04F79EFBC}") = "Recipes.Api", "Recipes.Api.csproj", "{CE62A06C-F326-4482-83AD-27913F609946}"
EndProject
Global
	GlobalSection(SolutionConfigurationPlatforms) = preSolution
		Debug|Any CPU = Debug|Any CPU
		Release|Any CPU = Release|Any CPU
	EndGlobalSection
	GlobalSection(ProjectConfigurationPlatforms) = postSolution
		{CE62A06C-F326-4482-83AD-27913F609946}.Debug|Any CPU.ActiveCfg = Debug|Any CPU
		{CE62A06C-F326-4482-83AD-27913F609946}.Debug|Any CPU.Build.0 = Debug|Any CPU
		{CE62A06C-F326-4482-83AD-27913F609946}.Release|Any CPU.ActiveCfg = Release|Any CPU
		{CE62A06C-F326-4482-83AD-27913F609946}.Release|Any CPU.Build.0 = Release|Any CPU
	EndGlobalSection
	GlobalSection(SolutionProperties) = preSolution
		HideSolutionNode = FALSE
	EndGlobalSection
	GlobalSection(ExtensibilityGlobals) = postSolution
		SolutionGuid = {649F0DA8-B724-4E1D-8423-E51C9389F18B}
	EndGlobalSection
EndGlobal
